{
  "nodes": {
    "meme": {
      "flake": false,
      "locked": {
        "lastModified": 1736636253,
        "narHash": "sha256-tSPSRkUNerOl/38BCHHt1dHPcQUDLHCtFrzkRzHvE+Q=",
        "owner": "reuixiy",
        "repo": "hugo-theme-meme",
        "rev": "6573fae43d85a40fcf18a30bb7fa630396acf771",
        "type": "github"
      },
      "original": {
        "owner": "reuixiy",
        "repo": "hugo-theme-meme",
        "type": "github"
      }
    },
    "nixpkgs": {
      "locked": {
        "lastModified": 1736883708,
        "narHash": "sha256-uQ+NQ0/xYU0N1CnXsa2zghgNaOPxWpMJXSUJJ9W7140=",
        "owner": "nixos",
        "repo": "nixpkgs",
        "rev": "eb62e6aa39ea67e0b8018ba8ea077efe65807dc8",
        "type": "github"
      },
      "original": {
        "owner": "nixos",
        "ref": "nixos-unstable",
        "repo": "nixpkgs",
        "type": "github"
      }
    },
    "root": {
      "inputs": {
        "meme": "meme",
        "nixpkgs": "nixpkgs"
      }
    }
  },
  "root": "root",
  "version": 7
}
